{
  "name": "golang",
  "version": "0.0.1-placeholder",
  "lockfileVersion": 1,
  "dependencies": {
    "isexe": {
      "version": "2.0.0",
      "resolved": "https://registry.npmjs.org/isexe/-/isexe-2.0.0.tgz",
      "integrity": "sha1-6PvzdNxVb/iUehDcsFctYz8s+hA="
    },
    "prgm-installed": {
      "version": "1.0.7",
      "resolved": "https://registry.npmjs.org/prgm-installed/-/prgm-installed-1.0.7.tgz",
      "integrity": "sha1-CH8ei5W8biL06ZutnmsPULQuvJM="
    },
    "which": {
      "version": "1.2.14",
      "resolved": "https://registry.npmjs.org/which/-/which-1.2.14.tgz",
      "integrity": "sha1-mofEN48D6CfOyvGs31bHNsAcFOU="
    }
  }
}
